
Microsoft Visual Studio Solution File, Format Version 12.00
# Visual Studio Version 17
VisualStudioVersion = 17.11.35327.3
MinimumVisualStudioVersion = 10.0.40219.1
Project("{FAE04EC0-301F-11D3-BF4B-00C04F79EFBC}") = "Homework8", "Homework8\Homework8.csproj", "{79B8B403-3974-4C2D-BBB2-3C1352C46953}"
EndProject
Global
	GlobalSection(SolutionConfigurationPlatforms) = preSolution
		Debug|Any CPU = Debug|Any CPU
		Release|Any CPU = Release|Any CPU
	EndGlobalSection
	GlobalSection(ProjectConfigurationPlatforms) = postSolution
		{79B8B403-3974-4C2D-BBB2-3C1352C46953}.Debug|Any CPU.ActiveCfg = Debug|Any CPU
		{79B8B403-3974-4C2D-BBB2-3C1352C46953}.Debug|Any CPU.Build.0 = Debug|Any CPU
		{79B8B403-3974-4C2D-BBB2-3C1352C46953}.Release|Any CPU.ActiveCfg = Release|Any CPU
		{79B8B403-3974-4C2D-BBB2-3C1352C46953}.Release|Any CPU.Build.0 = Release|Any CPU
	EndGlobalSection
	GlobalSection(SolutionProperties) = preSolution
		HideSolutionNode = FALSE
	EndGlobalSection
	GlobalSection(ExtensibilityGlobals) = postSolution
		SolutionGuid = {7C92E214-72FC-4564-8447-ADBE390572C0}
	EndGlobalSection
EndGlobal
